// !$*UTF8*$!
{
	archiveVersion = 1;
	classes = {
	};
	objectVersion = 50;
	objects = {

/* Begin PBXBuildFile section */
		531A982226274C6300C3057D /* BisectionForCd.swift in Sources */ = {isa = PBXBuildFile; fileRef = 531A982126274C6300C3057D /* BisectionForCd.swift */; };
		533D480A263753BF00A544B6 /* ExistingModelDetailView.swift in Sources */ = {isa = PBXBuildFile; fileRef = 533D4809263753BF00A544B6 /* ExistingModelDetailView.swift */; };
		534F4B9D26713D3F00083456 /* ExistingModelViewModel.swift in Sources */ = {isa = PBXBuildFile; fileRef = 534F4B9C26713D3F00083456 /* ExistingModelViewModel.swift */; };
		534F4BA22672412E00083456 /* TestView.swift in Sources */ = {isa = PBXBuildFile; fileRef = 534F4BA12672412E00083456 /* TestView.swift */; };
		535B72612620CAC30031AE0F /* SingleStageModel.swift in Sources */ = {isa = PBXBuildFile; fileRef = 535B72602620CAC30031AE0F /* SingleStageModel.swift */; };
		535B72642620D4D00031AE0F /* ResultsView.swift in Sources */ = {isa = PBXBuildFile; fileRef = 535B72632620D4D00031AE0F /* ResultsView.swift */; };
		535B72672620E1B30031AE0F /* ParametersView.swift in Sources */ = {isa = PBXBuildFile; fileRef = 535B72662620E1B30031AE0F /* ParametersView.swift */; };
		535B726A2620E2EA0031AE0F /* ComputedResultsView.swift in Sources */ = {isa = PBXBuildFile; fileRef = 535B72692620E2EA0031AE0F /* ComputedResultsView.swift */; };
		538F51E92631F73500A18A0C /* ModelListView.swift in Sources */ = {isa = PBXBuildFile; fileRef = 538F51E82631F73500A18A0C /* ModelListView.swift */; };
		5393C666261F770D008CE290 /* SingleStageRocketPerformanceCalculatorApp.swift in Sources */ = {isa = PBXBuildFile; fileRef = 5393C665261F770D008CE290 /* SingleStageRocketPerformanceCalculatorApp.swift */; };
		5393C668261F770D008CE290 /* AddModelDetailView.swift in Sources */ = {isa = PBXBuildFile; fileRef = 5393C667261F770D008CE290 /* AddModelDetailView.swift */; };
		5393C66A261F7710008CE290 /* Assets.xcassets in Resources */ = {isa = PBXBuildFile; fileRef = 5393C669261F7710008CE290 /* Assets.xcassets */; };
		5393C66D261F7710008CE290 /* Preview Assets.xcassets in Resources */ = {isa = PBXBuildFile; fileRef = 5393C66C261F7710008CE290 /* Preview Assets.xcassets */; };
		53E1F11D263236E700AA06EA /* View+Extensions.swift in Sources */ = {isa = PBXBuildFile; fileRef = 53E1F11C263236E700AA06EA /* View+Extensions.swift */; };
		53E1F123263323E200AA06EA /* RocketAppModel.xcdatamodeld in Sources */ = {isa = PBXBuildFile; fileRef = 53E1F121263323E200AA06EA /* RocketAppModel.xcdatamodeld */; };
		53E1F126263326A100AA06EA /* CoreDataManager.swift in Sources */ = {isa = PBXBuildFile; fileRef = 53E1F125263326A100AA06EA /* CoreDataManager.swift */; };
		53E1F12A2633389A00AA06EA /* ModelListViewModel.swift in Sources */ = {isa = PBXBuildFile; fileRef = 53E1F1292633389A00AA06EA /* ModelListViewModel.swift */; };
		53E1F12F26333F2700AA06EA /* ModelDetailViewModel.swift in Sources */ = {isa = PBXBuildFile; fileRef = 53E1F12E26333F2700AA06EA /* ModelDetailViewModel.swift */; };
/* End PBXBuildFile section */

/* Begin PBXFileReference section */
		531A982126274C6300C3057D /* BisectionForCd.swift */ = {isa = PBXFileReference; lastKnownFileType = sourcecode.swift; path = BisectionForCd.swift; sourceTree = "<group>"; };
		533D4809263753BF00A544B6 /* ExistingModelDetailView.swift */ = {isa = PBXFileReference; lastKnownFileType = sourcecode.swift; path = ExistingModelDetailView.swift; sourceTree = "<group>"; };
		534F4B9C26713D3F00083456 /* ExistingModelViewModel.swift */ = {isa = PBXFileReference; lastKnownFileType = sourcecode.swift; path = ExistingModelViewModel.swift; sourceTree = "<group>"; };
		534F4BA12672412E00083456 /* TestView.swift */ = {isa = PBXFileReference; lastKnownFileType = sourcecode.swift; path = TestView.swift; sourceTree = "<group>"; };
		535B72602620CAC30031AE0F /* SingleStageModel.swift */ = {isa = PBXFileReference; lastKnownFileType = sourcecode.swift; path = SingleStageModel.swift; sourceTree = "<group>"; };
		535B72632620D4D00031AE0F /* ResultsView.swift */ = {isa = PBXFileReference; lastKnownFileType = sourcecode.swift; path = ResultsView.swift; sourceTree = "<group>"; };
		535B72662620E1B30031AE0F /* ParametersView.swift */ = {isa = PBXFileReference; lastKnownFileType = sourcecode.swift; path = ParametersView.swift; sourceTree = "<group>"; };
		535B72692620E2EA0031AE0F /* ComputedResultsView.swift */ = {isa = PBXFileReference; lastKnownFileType = sourcecode.swift; path = ComputedResultsView.swift; sourceTree = "<group>"; };
		538F51E82631F73500A18A0C /* ModelListView.swift */ = {isa = PBXFileReference; lastKnownFileType = sourcecode.swift; path = ModelListView.swift; sourceTree = "<group>"; };
		5393C662261F770D008CE290 /* SingleStageRocketPerformanceCalculator.app */ = {isa = PBXFileReference; explicitFileType = wrapper.application; includeInIndex = 0; path = SingleStageRocketPerformanceCalculator.app; sourceTree = BUILT_PRODUCTS_DIR; };
		5393C665261F770D008CE290 /* SingleStageRocketPerformanceCalculatorApp.swift */ = {isa = PBXFileReference; lastKnownFileType = sourcecode.swift; path = SingleStageRocketPerformanceCalculatorApp.swift; sourceTree = "<group>"; };
		5393C667261F770D008CE290 /* AddModelDetailView.swift */ = {isa = PBXFileReference; lastKnownFileType = sourcecode.swift; path = AddModelDetailView.swift; sourceTree = "<group>"; };
		5393C669261F7710008CE290 /* Assets.xcassets */ = {isa = PBXFileReference; lastKnownFileType = folder.assetcatalog; path = Assets.xcassets; sourceTree = "<group>"; };
		5393C66C261F7710008CE290 /* Preview Assets.xcassets */ = {isa = PBXFileReference; lastKnownFileType = folder.assetcatalog; path = "Preview Assets.xcassets"; sourceTree = "<group>"; };
		5393C66E261F7710008CE290 /* Info.plist */ = {isa = PBXFileReference; lastKnownFileType = text.plist.xml; path = Info.plist; sourceTree = "<group>"; };
		53E1F11C263236E700AA06EA /* View+Extensions.swift */ = {isa = PBXFileReference; lastKnownFileType = sourcecode.swift; path = "View+Extensions.swift"; sourceTree = "<group>"; };
		53E1F122263323E200AA06EA /* CoreDataManager.xcdatamodel */ = {isa = PBXFileReference; lastKnownFileType = wrapper.xcdatamodel; path = CoreDataManager.xcdatamodel; sourceTree = "<group>"; };
		53E1F125263326A100AA06EA /* CoreDataManager.swift */ = {isa = PBXFileReference; lastKnownFileType = sourcecode.swift; path = CoreDataManager.swift; sourceTree = "<group>"; };
		53E1F1292633389A00AA06EA /* ModelListViewModel.swift */ = {isa = PBXFileReference; lastKnownFileType = sourcecode.swift; path = ModelListViewModel.swift; sourceTree = "<group>"; };
		53E1F12E26333F2700AA06EA /* ModelDetailViewModel.swift */ = {isa = PBXFileReference; lastKnownFileType = sourcecode.swift; path = ModelDetailViewModel.swift; sourceTree = "<group>"; };
/* End PBXFileReference section */

/* Begin PBXFrameworksBuildPhase section */
		5393C65F261F770D008CE290 /* Frameworks */ = {
			isa = PBXFrameworksBuildPhase;
			buildActionMask = 2147483647;
			files = (
			);
			runOnlyForDeploymentPostprocessing = 0;
		};
/* End PBXFrameworksBuildPhase section */

/* Begin PBXGroup section */
		538F51EB2631F74300A18A0C /* Views */ = {
			isa = PBXGroup;
			children = (
				538F51E82631F73500A18A0C /* ModelListView.swift */,
				5393C667261F770D008CE290 /* AddModelDetailView.swift */,
				535B72632620D4D00031AE0F /* ResultsView.swift */,
				535B72662620E1B30031AE0F /* ParametersView.swift */,
				535B72692620E2EA0031AE0F /* ComputedResultsView.swift */,
				533D4809263753BF00A544B6 /* ExistingModelDetailView.swift */,
				534F4BA12672412E00083456 /* TestView.swift */,
			);
			path = Views;
			sourceTree = "<group>";
		};
		538F51EC2631F79000A18A0C /* Models */ = {
			isa = PBXGroup;
			children = (
				535B72602620CAC30031AE0F /* SingleStageModel.swift */,
				531A982126274C6300C3057D /* BisectionForCd.swift */,
			);
			path = Models;
			sourceTree = "<group>";
		};
		5393C659261F770D008CE290 = {
			isa = PBXGroup;
			children = (
				5393C664261F770D008CE290 /* SingleStageRocketPerformanceCalculator */,
				5393C663261F770D008CE290 /* Products */,
			);
			sourceTree = "<group>";
		};
		5393C663261F770D008CE290 /* Products */ = {
			isa = PBXGroup;
			children = (
				5393C662261F770D008CE290 /* SingleStageRocketPerformanceCalculator.app */,
			);
			name = Products;
			sourceTree = "<group>";
		};
		5393C664261F770D008CE290 /* SingleStageRocketPerformanceCalculator */ = {
			isa = PBXGroup;
			children = (
				5393C665261F770D008CE290 /* SingleStageRocketPerformanceCalculatorApp.swift */,
				53E1F1282633386500AA06EA /* View Models */,
				53E1F120263323AC00AA06EA /* Managers */,
				53E1F11B263236BA00AA06EA /* Extensions */,
				538F51EC2631F79000A18A0C /* Models */,
				538F51EB2631F74300A18A0C /* Views */,
				53E1F121263323E200AA06EA /* RocketAppModel.xcdatamodeld */,
				5393C669261F7710008CE290 /* Assets.xcassets */,
				5393C66E261F7710008CE290 /* Info.plist */,
				5393C66B261F7710008CE290 /* Preview Content */,
			);
			path = SingleStageRocketPerformanceCalculator;
			sourceTree = "<group>";
		};
		5393C66B261F7710008CE290 /* Preview Content */ = {
			isa = PBXGroup;
			children = (
				5393C66C261F7710008CE290 /* Preview Assets.xcassets */,
			);
			path = "Preview Content";
			sourceTree = "<group>";
		};
		53E1F11B263236BA00AA06EA /* Extensions */ = {
			isa = PBXGroup;
			children = (
				53E1F11C263236E700AA06EA /* View+Extensions.swift */,
			);
			path = Extensions;
			sourceTree = "<group>";
		};
		53E1F120263323AC00AA06EA /* Managers */ = {
			isa = PBXGroup;
			children = (
				53E1F125263326A100AA06EA /* CoreDataManager.swift */,
			);
			path = Managers;
			sourceTree = "<group>";
		};
		53E1F1282633386500AA06EA /* View Models */ = {
			isa = PBXGroup;
			children = (
				53E1F1292633389A00AA06EA /* ModelListViewModel.swift */,
				53E1F12E26333F2700AA06EA /* ModelDetailViewModel.swift */,
				534F4B9C26713D3F00083456 /* ExistingModelViewModel.swift */,
			);
			path = "View Models";
			sourceTree = "<group>";
		};
/* End PBXGroup section */

/* Begin PBXNativeTarget section */
		5393C661261F770D008CE290 /* SingleStageRocketPerformanceCalculator */ = {
			isa = PBXNativeTarget;
			buildConfigurationList = 5393C671261F7710008CE290 /* Build configuration list for PBXNativeTarget "SingleStageRocketPerformanceCalculator" */;
			buildPhases = (
				5393C65E261F770D008CE290 /* Sources */,
				5393C65F261F770D008CE290 /* Frameworks */,
				5393C660261F770D008CE290 /* Resources */,
			);
			buildRules = (
			);
			dependencies = (
			);
			name = SingleStageRocketPerformanceCalculator;
			productName = SingleStageRocketPerformanceCalculator;
			productReference = 5393C662261F770D008CE290 /* SingleStageRocketPerformanceCalculator.app */;
			productType = "com.apple.product-type.application";
		};
/* End PBXNativeTarget section */

/* Begin PBXProject section */
		5393C65A261F770D008CE290 /* Project object */ = {
			isa = PBXProject;
			attributes = {
				LastSwiftUpdateCheck = 1230;
				LastUpgradeCheck = 1230;
				TargetAttributes = {
					5393C661261F770D008CE290 = {
						CreatedOnToolsVersion = 12.3;
					};
				};
			};
			buildConfigurationList = 5393C65D261F770D008CE290 /* Build configuration list for PBXProject "SingleStageRocketPerformanceCalculator" */;
			compatibilityVersion = "Xcode 9.3";
			developmentRegion = en;
			hasScannedForEncodings = 0;
			knownRegions = (
				en,
				Base,
			);
			mainGroup = 5393C659261F770D008CE290;
			productRefGroup = 5393C663261F770D008CE290 /* Products */;
			projectDirPath = "";
			projectRoot = "";
			targets = (
				5393C661261F770D008CE290 /* SingleStageRocketPerformanceCalculator */,
			);
		};
/* End PBXProject section */

/* Begin PBXResourcesBuildPhase section */
		5393C660261F770D008CE290 /* Resources */ = {
			isa = PBXResourcesBuildPhase;
			buildActionMask = 2147483647;
			files = (
				5393C66D261F7710008CE290 /* Preview Assets.xcassets in Resources */,
				5393C66A261F7710008CE290 /* Assets.xcassets in Resources */,
			);
			runOnlyForDeploymentPostprocessing = 0;
		};
/* End PBXResourcesBuildPhase section */

/* Begin PBXSourcesBuildPhase section */
		5393C65E261F770D008CE290 /* Sources */ = {
			isa = PBXSourcesBuildPhase;
			buildActionMask = 2147483647;
			files = (
				53E1F123263323E200AA06EA /* RocketAppModel.xcdatamodeld in Sources */,
				533D480A263753BF00A544B6 /* ExistingModelDetailView.swift in Sources */,
				535B726A2620E2EA0031AE0F /* ComputedResultsView.swift in Sources */,
				53E1F11D263236E700AA06EA /* View+Extensions.swift in Sources */,
				534F4BA22672412E00083456 /* TestView.swift in Sources */,
				535B72612620CAC30031AE0F /* SingleStageModel.swift in Sources */,
				53E1F12A2633389A00AA06EA /* ModelListViewModel.swift in Sources */,
				534F4B9D26713D3F00083456 /* ExistingModelViewModel.swift in Sources */,
				531A982226274C6300C3057D /* BisectionForCd.swift in Sources */,
				535B72642620D4D00031AE0F /* ResultsView.swift in Sources */,
				5393C668261F770D008CE290 /* AddModelDetailView.swift in Sources */,
				53E1F12F26333F2700AA06EA /* ModelDetailViewModel.swift in Sources */,
				535B72672620E1B30031AE0F /* ParametersView.swift in Sources */,
				538F51E92631F73500A18A0C /* ModelListView.swift in Sources */,
				5393C666261F770D008CE290 /* SingleStageRocketPerformanceCalculatorApp.swift in Sources */,
				53E1F126263326A100AA06EA /* CoreDataManager.swift in Sources */,
			);
			runOnlyForDeploymentPostprocessing = 0;
		};
/* End PBXSourcesBuildPhase section */

/* Begin XCBuildConfiguration section */
		5393C66F261F7710008CE290 /* Debug */ = {
			isa = XCBuildConfiguration;
			buildSettings = {
				ALWAYS_SEARCH_USER_PATHS = NO;
				CLANG_ANALYZER_NONNULL = YES;
				CLANG_ANALYZER_NUMBER_OBJECT_CONVERSION = YES_AGGRESSIVE;
				CLANG_CXX_LANGUAGE_STANDARD = "gnu++14";
				CLANG_CXX_LIBRARY = "libc++";
				CLANG_ENABLE_MODULES = YES;
				CLANG_ENABLE_OBJC_ARC = YES;
				CLANG_ENABLE_OBJC_WEAK = YES;
				CLANG_WARN_BLOCK_CAPTURE_AUTORELEASING = YES;
				CLANG_WARN_BOOL_CONVERSION = YES;
				CLANG_WARN_COMMA = YES;
				CLANG_WARN_CONSTANT_CONVERSION = YES;
				CLANG_WARN_DEPRECATED_OBJC_IMPLEMENTATIONS = YES;
				CLANG_WARN_DIRECT_OBJC_ISA_USAGE = YES_ERROR;
				CLANG_WARN_DOCUMENTATION_COMMENTS = YES;
				CLANG_WARN_EMPTY_BODY = YES;
				CLANG_WARN_ENUM_CONVERSION = YES;
				CLANG_WARN_INFINITE_RECURSION = YES;
				CLANG_WARN_INT_CONVERSION = YES;
				CLANG_WARN_NON_LITERAL_NULL_CONVERSION = YES;
				CLANG_WARN_OBJC_IMPLICIT_RETAIN_SELF = YES;
				CLANG_WARN_OBJC_LITERAL_CONVERSION = YES;
				CLANG_WARN_OBJC_ROOT_CLASS = YES_ERROR;
				CLANG_WARN_QUOTED_INCLUDE_IN_FRAMEWORK_HEADER = YES;
				CLANG_WARN_RANGE_LOOP_ANALYSIS = YES;
				CLANG_WARN_STRICT_PROTOTYPES = YES;
				CLANG_WARN_SUSPICIOUS_MOVE = YES;
				CLANG_WARN_UNGUARDED_AVAILABILITY = YES_AGGRESSIVE;
				CLANG_WARN_UNREACHABLE_CODE = YES;
				CLANG_WARN__DUPLICATE_METHOD_MATCH = YES;
				COPY_PHASE_STRIP = NO;
				DEBUG_INFORMATION_FORMAT = dwarf;
				ENABLE_STRICT_OBJC_MSGSEND = YES;
				ENABLE_TESTABILITY = YES;
				GCC_C_LANGUAGE_STANDARD = gnu11;
				GCC_DYNAMIC_NO_PIC = NO;
				GCC_NO_COMMON_BLOCKS = YES;
				GCC_OPTIMIZATION_LEVEL = 0;
				GCC_PREPROCESSOR_DEFINITIONS = (
					"DEBUG=1",
					"$(inherited)",
				);
				GCC_WARN_64_TO_32_BIT_CONVERSION = YES;
				GCC_WARN_ABOUT_RETURN_TYPE = YES_ERROR;
				GCC_WARN_UNDECLARED_SELECTOR = YES;
				GCC_WARN_UNINITIALIZED_AUTOS = YES_AGGRESSIVE;
				GCC_WARN_UNUSED_FUNCTION = YES;
				GCC_WARN_UNUSED_VARIABLE = YES;
				IPHONEOS_DEPLOYMENT_TARGET = 14.3;
				MTL_ENABLE_DEBUG_INFO = INCLUDE_SOURCE;
				MTL_FAST_MATH = YES;
				ONLY_ACTIVE_ARCH = YES;
				SDKROOT = iphoneos;
				SWIFT_ACTIVE_COMPILATION_CONDITIONS = DEBUG;
				SWIFT_OPTIMIZATION_LEVEL = "-Onone";
			};
			name = Debug;
		};
		5393C670261F7710008CE290 /* Release */ = {
			isa = XCBuildConfiguration;
			buildSettings = {
				ALWAYS_SEARCH_USER_PATHS = NO;
				CLANG_ANALYZER_NONNULL = YES;
				CLANG_ANALYZER_NUMBER_OBJECT_CONVERSION = YES_AGGRESSIVE;
				CLANG_CXX_LANGUAGE_STANDARD = "gnu++14";
				CLANG_CXX_LIBRARY = "libc++";
				CLANG_ENABLE_MODULES = YES;
				CLANG_ENABLE_OBJC_ARC = YES;
				CLANG_ENABLE_OBJC_WEAK = YES;
				CLANG_WARN_BLOCK_CAPTURE_AUTORELEASING = YES;
				CLANG_WARN_BOOL_CONVERSION = YES;
				CLANG_WARN_COMMA = YES;
				CLANG_WARN_CONSTANT_CONVERSION = YES;
				CLANG_WARN_DEPRECATED_OBJC_IMPLEMENTATIONS = YES;
				CLANG_WARN_DIRECT_OBJC_ISA_USAGE = YES_ERROR;
				CLANG_WARN_DOCUMENTATION_COMMENTS = YES;
				CLANG_WARN_EMPTY_BODY = YES;
				CLANG_WARN_ENUM_CONVERSION = YES;
				CLANG_WARN_INFINITE_RECURSION = YES;
				CLANG_WARN_INT_CONVERSION = YES;
				CLANG_WARN_NON_LITERAL_NULL_CONVERSION = YES;
				CLANG_WARN_OBJC_IMPLICIT_RETAIN_SELF = YES;
				CLANG_WARN_OBJC_LITERAL_CONVERSION = YES;
				CLANG_WARN_OBJC_ROOT_CLASS = YES_ERROR;
				CLANG_WARN_QUOTED_INCLUDE_IN_FRAMEWORK_HEADER = YES;
				CLANG_WARN_RANGE_LOOP_ANALYSIS = YES;
				CLANG_WARN_STRICT_PROTOTYPES = YES;
				CLANG_WARN_SUSPICIOUS_MOVE = YES;
				CLANG_WARN_UNGUARDED_AVAILABILITY = YES_AGGRESSIVE;
				CLANG_WARN_UNREACHABLE_CODE = YES;
				CLANG_WARN__DUPLICATE_METHOD_MATCH = YES;
				COPY_PHASE_STRIP = NO;
				DEBUG_INFORMATION_FORMAT = "dwarf-with-dsym";
				ENABLE_NS_ASSERTIONS = NO;
				ENABLE_STRICT_OBJC_MSGSEND = YES;
				GCC_C_LANGUAGE_STANDARD = gnu11;
				GCC_NO_COMMON_BLOCKS = YES;
				GCC_WARN_64_TO_32_BIT_CONVERSION = YES;
				GCC_WARN_ABOUT_RETURN_TYPE = YES_ERROR;
				GCC_WARN_UNDECLARED_SELECTOR = YES;
				GCC_WARN_UNINITIALIZED_AUTOS = YES_AGGRESSIVE;
				GCC_WARN_UNUSED_FUNCTION = YES;
				GCC_WARN_UNUSED_VARIABLE = YES;
				IPHONEOS_DEPLOYMENT_TARGET = 14.3;
				MTL_ENABLE_DEBUG_INFO = NO;
				MTL_FAST_MATH = YES;
				SDKROOT = iphoneos;
				SWIFT_COMPILATION_MODE = wholemodule;
				SWIFT_OPTIMIZATION_LEVEL = "-O";
				VALIDATE_PRODUCT = YES;
			};
			name = Release;
		};
		5393C672261F7710008CE290 /* Debug */ = {
			isa = XCBuildConfiguration;
			buildSettings = {
				ASSETCATALOG_COMPILER_APPICON_NAME = AppIcon;
				ASSETCATALOG_COMPILER_GLOBAL_ACCENT_COLOR_NAME = AccentColor;
				CODE_SIGN_STYLE = Automatic;
				DEVELOPMENT_ASSET_PATHS = "\"SingleStageRocketPerformanceCalculator/Preview Content\"";
				DEVELOPMENT_TEAM = 8GFL38QM4Q;
				ENABLE_PREVIEWS = YES;
				INFOPLIST_FILE = SingleStageRocketPerformanceCalculator/Info.plist;
				IPHONEOS_DEPLOYMENT_TARGET = 14.0;
				LD_RUNPATH_SEARCH_PATHS = (
					"$(inherited)",
					"@executable_path/Frameworks",
				);
				PRODUCT_BUNDLE_IDENTIFIER = com.CasaAdobeSoftware.SingleStageRocketPerformanceCalculator;
				PRODUCT_NAME = "$(TARGET_NAME)";
				SWIFT_VERSION = 5.0;
				TARGETED_DEVICE_FAMILY = "1,2";
			};
			name = Debug;
		};
		5393C673261F7710008CE290 /* Release */ = {
			isa = XCBuildConfiguration;
			buildSettings = {
				ASSETCATALOG_COMPILER_APPICON_NAME = AppIcon;
				ASSETCATALOG_COMPILER_GLOBAL_ACCENT_COLOR_NAME = AccentColor;
				CODE_SIGN_STYLE = Automatic;
				DEVELOPMENT_ASSET_PATHS = "\"SingleStageRocketPerformanceCalculator/Preview Content\"";
				DEVELOPMENT_TEAM = 8GFL38QM4Q;
				ENABLE_PREVIEWS = YES;
				INFOPLIST_FILE = SingleStageRocketPerformanceCalculator/Info.plist;
				IPHONEOS_DEPLOYMENT_TARGET = 14.0;
				LD_RUNPATH_SEARCH_PATHS = (
					"$(inherited)",
					"@executable_path/Frameworks",
				);
				PRODUCT_BUNDLE_IDENTIFIER = com.CasaAdobeSoftware.SingleStageRocketPerformanceCalculator;
				PRODUCT_NAME = "$(TARGET_NAME)";
				SWIFT_VERSION = 5.0;
				TARGETED_DEVICE_FAMILY = "1,2";
			};
			name = Release;
		};
/* End XCBuildConfiguration section */

/* Begin XCConfigurationList section */
		5393C65D261F770D008CE290 /* Build configuration list for PBXProject "SingleStageRocketPerformanceCalculator" */ = {
			isa = XCConfigurationList;
			buildConfigurations = (
				5393C66F261F7710008CE290 /* Debug */,
				5393C670261F7710008CE290 /* Release */,
			);
			defaultConfigurationIsVisible = 0;
			defaultConfigurationName = Release;
		};
		5393C671261F7710008CE290 /* Build configuration list for PBXNativeTarget "SingleStageRocketPerformanceCalculator" */ = {
			isa = XCConfigurationList;
			buildConfigurations = (
				5393C672261F7710008CE290 /* Debug */,
				5393C673261F7710008CE290 /* Release */,
			);
			defaultConfigurationIsVisible = 0;
			defaultConfigurationName = Release;
		};
/* End XCConfigurationList section */

/* Begin XCVersionGroup section */
		53E1F121263323E200AA06EA /* RocketAppModel.xcdatamodeld */ = {
			isa = XCVersionGroup;
			children = (
				53E1F122263323E200AA06EA /* CoreDataManager.xcdatamodel */,
			);
			currentVersion = 53E1F122263323E200AA06EA /* CoreDataManager.xcdatamodel */;
			path = RocketAppModel.xcdatamodeld;
			sourceTree = "<group>";
			versionGroupType = wrapper.xcdatamodel;
		};
/* End XCVersionGroup section */
	};
	rootObject = 5393C65A261F770D008CE290 /* Project object */;
}
